// !$*UTF8*$!
{
	archiveVersion = 1;
	classes = {
	};
	objectVersion = 50;
	objects = {

/* Begin PBXBuildFile section */
		F69479BD24EAC02A00FA1830 /* AppDelegate.swift in Sources */ = {isa = PBXBuildFile; fileRef = F69479BC24EAC02A00FA1830 /* AppDelegate.swift */; };
		F69479BF24EAC02A00FA1830 /* SceneDelegate.swift in Sources */ = {isa = PBXBuildFile; fileRef = F69479BE24EAC02A00FA1830 /* SceneDelegate.swift */; };
		F69479C124EAC02A00FA1830 /* ViewController.swift in Sources */ = {isa = PBXBuildFile; fileRef = F69479C024EAC02A00FA1830 /* ViewController.swift */; };
		F69479C424EAC02B00FA1830 /* Main.storyboard in Resources */ = {isa = PBXBuildFile; fileRef = F69479C224EAC02B00FA1830 /* Main.storyboard */; };
		F69479C624EAC02C00FA1830 /* Assets.xcassets in Resources */ = {isa = PBXBuildFile; fileRef = F69479C524EAC02C00FA1830 /* Assets.xcassets */; };
		F69479C924EAC02C00FA1830 /* LaunchScreen.storyboard in Resources */ = {isa = PBXBuildFile; fileRef = F69479C724EAC02C00FA1830 /* LaunchScreen.storyboard */; };
		F69479D124EAC8CF00FA1830 /* Constants.swift in Sources */ = {isa = PBXBuildFile; fileRef = F69479D024EAC8CF00FA1830 /* Constants.swift */; };
		F69479D324EACBBA00FA1830 /* Video.swift in Sources */ = {isa = PBXBuildFile; fileRef = F69479D224EACBBA00FA1830 /* Video.swift */; };
		F69479D524EACBE600FA1830 /* Model.swift in Sources */ = {isa = PBXBuildFile; fileRef = F69479D424EACBE600FA1830 /* Model.swift */; };
		F69479D724EACECB00FA1830 /* Secrets.swift in Sources */ = {isa = PBXBuildFile; fileRef = F69479D624EACECB00FA1830 /* Secrets.swift */; };
		F69479D924EACFC500FA1830 /* SecretsTemplate.swift in Sources */ = {isa = PBXBuildFile; fileRef = F69479D824EACFC500FA1830 /* SecretsTemplate.swift */; };
		F69479DB24EAD55400FA1830 /* Response.swift in Sources */ = {isa = PBXBuildFile; fileRef = F69479DA24EAD55400FA1830 /* Response.swift */; };
/* End PBXBuildFile section */

/* Begin PBXFileReference section */
		F69479B924EAC02A00FA1830 /* youtube-onedaybuild.app */ = {isa = PBXFileReference; explicitFileType = wrapper.application; includeInIndex = 0; path = "youtube-onedaybuild.app"; sourceTree = BUILT_PRODUCTS_DIR; };
		F69479BC24EAC02A00FA1830 /* AppDelegate.swift */ = {isa = PBXFileReference; lastKnownFileType = sourcecode.swift; path = AppDelegate.swift; sourceTree = "<group>"; };
		F69479BE24EAC02A00FA1830 /* SceneDelegate.swift */ = {isa = PBXFileReference; lastKnownFileType = sourcecode.swift; path = SceneDelegate.swift; sourceTree = "<group>"; };
		F69479C024EAC02A00FA1830 /* ViewController.swift */ = {isa = PBXFileReference; lastKnownFileType = sourcecode.swift; path = ViewController.swift; sourceTree = "<group>"; };
		F69479C324EAC02B00FA1830 /* Base */ = {isa = PBXFileReference; lastKnownFileType = file.storyboard; name = Base; path = Base.lproj/Main.storyboard; sourceTree = "<group>"; };
		F69479C524EAC02C00FA1830 /* Assets.xcassets */ = {isa = PBXFileReference; lastKnownFileType = folder.assetcatalog; path = Assets.xcassets; sourceTree = "<group>"; };
		F69479C824EAC02C00FA1830 /* Base */ = {isa = PBXFileReference; lastKnownFileType = file.storyboard; name = Base; path = Base.lproj/LaunchScreen.storyboard; sourceTree = "<group>"; };
		F69479CA24EAC02C00FA1830 /* Info.plist */ = {isa = PBXFileReference; lastKnownFileType = text.plist.xml; path = Info.plist; sourceTree = "<group>"; };
		F69479D024EAC8CF00FA1830 /* Constants.swift */ = {isa = PBXFileReference; lastKnownFileType = sourcecode.swift; path = Constants.swift; sourceTree = "<group>"; };
		F69479D224EACBBA00FA1830 /* Video.swift */ = {isa = PBXFileReference; lastKnownFileType = sourcecode.swift; path = Video.swift; sourceTree = "<group>"; };
		F69479D424EACBE600FA1830 /* Model.swift */ = {isa = PBXFileReference; lastKnownFileType = sourcecode.swift; path = Model.swift; sourceTree = "<group>"; };
		F69479D624EACECB00FA1830 /* Secrets.swift */ = {isa = PBXFileReference; lastKnownFileType = sourcecode.swift; path = Secrets.swift; sourceTree = "<group>"; };
		F69479D824EACFC500FA1830 /* SecretsTemplate.swift */ = {isa = PBXFileReference; lastKnownFileType = sourcecode.swift; path = SecretsTemplate.swift; sourceTree = "<group>"; };
		F69479DA24EAD55400FA1830 /* Response.swift */ = {isa = PBXFileReference; lastKnownFileType = sourcecode.swift; path = Response.swift; sourceTree = "<group>"; };
/* End PBXFileReference section */

/* Begin PBXFrameworksBuildPhase section */
		F69479B624EAC02A00FA1830 /* Frameworks */ = {
			isa = PBXFrameworksBuildPhase;
			buildActionMask = 2147483647;
			files = (
			);
			runOnlyForDeploymentPostprocessing = 0;
		};
/* End PBXFrameworksBuildPhase section */

/* Begin PBXGroup section */
		F69479B024EAC02A00FA1830 = {
			isa = PBXGroup;
			children = (
				F69479BB24EAC02A00FA1830 /* youtube-onedaybuild */,
				F69479BA24EAC02A00FA1830 /* Products */,
			);
			sourceTree = "<group>";
		};
		F69479BA24EAC02A00FA1830 /* Products */ = {
			isa = PBXGroup;
			children = (
				F69479B924EAC02A00FA1830 /* youtube-onedaybuild.app */,
			);
			name = Products;
			sourceTree = "<group>";
		};
		F69479BB24EAC02A00FA1830 /* youtube-onedaybuild */ = {
			isa = PBXGroup;
			children = (
				F69479BC24EAC02A00FA1830 /* AppDelegate.swift */,
				F69479BE24EAC02A00FA1830 /* SceneDelegate.swift */,
				F69479C024EAC02A00FA1830 /* ViewController.swift */,
				F69479C224EAC02B00FA1830 /* Main.storyboard */,
				F69479C524EAC02C00FA1830 /* Assets.xcassets */,
				F69479C724EAC02C00FA1830 /* LaunchScreen.storyboard */,
				F69479CA24EAC02C00FA1830 /* Info.plist */,
				F69479D024EAC8CF00FA1830 /* Constants.swift */,
				F69479D224EACBBA00FA1830 /* Video.swift */,
				F69479D424EACBE600FA1830 /* Model.swift */,
				F69479D624EACECB00FA1830 /* Secrets.swift */,
				F69479D824EACFC500FA1830 /* SecretsTemplate.swift */,
				F69479DA24EAD55400FA1830 /* Response.swift */,
			);
			path = "youtube-onedaybuild";
			sourceTree = "<group>";
		};
/* End PBXGroup section */

/* Begin PBXNativeTarget section */
		F69479B824EAC02A00FA1830 /* youtube-onedaybuild */ = {
			isa = PBXNativeTarget;
			buildConfigurationList = F69479CD24EAC02C00FA1830 /* Build configuration list for PBXNativeTarget "youtube-onedaybuild" */;
			buildPhases = (
				F69479B524EAC02A00FA1830 /* Sources */,
				F69479B624EAC02A00FA1830 /* Frameworks */,
				F69479B724EAC02A00FA1830 /* Resources */,
			);
			buildRules = (
			);
			dependencies = (
			);
			name = "youtube-onedaybuild";
			productName = "youtube-onedaybuild";
			productReference = F69479B924EAC02A00FA1830 /* youtube-onedaybuild.app */;
			productType = "com.apple.product-type.application";
		};
/* End PBXNativeTarget section */

/* Begin PBXProject section */
		F69479B124EAC02A00FA1830 /* Project object */ = {
			isa = PBXProject;
			attributes = {
				LastSwiftUpdateCheck = 1160;
				LastUpgradeCheck = 1160;
				ORGANIZATIONNAME = "Donald Thompson";
				TargetAttributes = {
					F69479B824EAC02A00FA1830 = {
						CreatedOnToolsVersion = 11.6;
					};
				};
			};
			buildConfigurationList = F69479B424EAC02A00FA1830 /* Build configuration list for PBXProject "youtube-onedaybuild" */;
			compatibilityVersion = "Xcode 9.3";
			developmentRegion = en;
			hasScannedForEncodings = 0;
			knownRegions = (
				en,
				Base,
			);
			mainGroup = F69479B024EAC02A00FA1830;
			productRefGroup = F69479BA24EAC02A00FA1830 /* Products */;
			projectDirPath = "";
			projectRoot = "";
			targets = (
				F69479B824EAC02A00FA1830 /* youtube-onedaybuild */,
			);
		};
/* End PBXProject section */

/* Begin PBXResourcesBuildPhase section */
		F69479B724EAC02A00FA1830 /* Resources */ = {
			isa = PBXResourcesBuildPhase;
			buildActionMask = 2147483647;
			files = (
				F69479C924EAC02C00FA1830 /* LaunchScreen.storyboard in Resources */,
				F69479C624EAC02C00FA1830 /* Assets.xcassets in Resources */,
				F69479C424EAC02B00FA1830 /* Main.storyboard in Resources */,
			);
			runOnlyForDeploymentPostprocessing = 0;
		};
/* End PBXResourcesBuildPhase section */

/* Begin PBXSourcesBuildPhase section */
		F69479B524EAC02A00FA1830 /* Sources */ = {
			isa = PBXSourcesBuildPhase;
			buildActionMask = 2147483647;
			files = (
				F69479C124EAC02A00FA1830 /* ViewController.swift in Sources */,
				F69479BD24EAC02A00FA1830 /* AppDelegate.swift in Sources */,
				F69479D724EACECB00FA1830 /* Secrets.swift in Sources */,
				F69479BF24EAC02A00FA1830 /* SceneDelegate.swift in Sources */,
				F69479DB24EAD55400FA1830 /* Response.swift in Sources */,
				F69479D524EACBE600FA1830 /* Model.swift in Sources */,
				F69479D924EACFC500FA1830 /* SecretsTemplate.swift in Sources */,
				F69479D124EAC8CF00FA1830 /* Constants.swift in Sources */,
				F69479D324EACBBA00FA1830 /* Video.swift in Sources */,
			);
			runOnlyForDeploymentPostprocessing = 0;
		};
/* End PBXSourcesBuildPhase section */

/* Begin PBXVariantGroup section */
		F69479C224EAC02B00FA1830 /* Main.storyboard */ = {
			isa = PBXVariantGroup;
			children = (
				F69479C324EAC02B00FA1830 /* Base */,
			);
			name = Main.storyboard;
			sourceTree = "<group>";
		};
		F69479C724EAC02C00FA1830 /* LaunchScreen.storyboard */ = {
			isa = PBXVariantGroup;
			children = (
				F69479C824EAC02C00FA1830 /* Base */,
			);
			name = LaunchScreen.storyboard;
			sourceTree = "<group>";
		};
/* End PBXVariantGroup section */

/* Begin XCBuildConfiguration section */
		F69479CB24EAC02C00FA1830 /* Debug */ = {
			isa = XCBuildConfiguration;
			buildSettings = {
				ALWAYS_SEARCH_USER_PATHS = NO;
				CLANG_ANALYZER_NONNULL = YES;
				CLANG_ANALYZER_NUMBER_OBJECT_CONVERSION = YES_AGGRESSIVE;
				CLANG_CXX_LANGUAGE_STANDARD = "gnu++14";
				CLANG_CXX_LIBRARY = "libc++";
				CLANG_ENABLE_MODULES = YES;
				CLANG_ENABLE_OBJC_ARC = YES;
				CLANG_ENABLE_OBJC_WEAK = YES;
				CLANG_WARN_BLOCK_CAPTURE_AUTORELEASING = YES;
				CLANG_WARN_BOOL_CONVERSION = YES;
				CLANG_WARN_COMMA = YES;
				CLANG_WARN_CONSTANT_CONVERSION = YES;
				CLANG_WARN_DEPRECATED_OBJC_IMPLEMENTATIONS = YES;
				CLANG_WARN_DIRECT_OBJC_ISA_USAGE = YES_ERROR;
				CLANG_WARN_DOCUMENTATION_COMMENTS = YES;
				CLANG_WARN_EMPTY_BODY = YES;
				CLANG_WARN_ENUM_CONVERSION = YES;
				CLANG_WARN_INFINITE_RECURSION = YES;
				CLANG_WARN_INT_CONVERSION = YES;
				CLANG_WARN_NON_LITERAL_NULL_CONVERSION = YES;
				CLANG_WARN_OBJC_IMPLICIT_RETAIN_SELF = YES;
				CLANG_WARN_OBJC_LITERAL_CONVERSION = YES;
				CLANG_WARN_OBJC_ROOT_CLASS = YES_ERROR;
				CLANG_WARN_RANGE_LOOP_ANALYSIS = YES;
				CLANG_WARN_STRICT_PROTOTYPES = YES;
				CLANG_WARN_SUSPICIOUS_MOVE = YES;
				CLANG_WARN_UNGUARDED_AVAILABILITY = YES_AGGRESSIVE;
				CLANG_WARN_UNREACHABLE_CODE = YES;
				CLANG_WARN__DUPLICATE_METHOD_MATCH = YES;
				COPY_PHASE_STRIP = NO;
				DEBUG_INFORMATION_FORMAT = dwarf;
				ENABLE_STRICT_OBJC_MSGSEND = YES;
				ENABLE_TESTABILITY = YES;
				GCC_C_LANGUAGE_STANDARD = gnu11;
				GCC_DYNAMIC_NO_PIC = NO;
				GCC_NO_COMMON_BLOCKS = YES;
				GCC_OPTIMIZATION_LEVEL = 0;
				GCC_PREPROCESSOR_DEFINITIONS = (
					"DEBUG=1",
					"$(inherited)",
				);
				GCC_WARN_64_TO_32_BIT_CONVERSION = YES;
				GCC_WARN_ABOUT_RETURN_TYPE = YES_ERROR;
				GCC_WARN_UNDECLARED_SELECTOR = YES;
				GCC_WARN_UNINITIALIZED_AUTOS = YES_AGGRESSIVE;
				GCC_WARN_UNUSED_FUNCTION = YES;
				GCC_WARN_UNUSED_VARIABLE = YES;
				IPHONEOS_DEPLOYMENT_TARGET = 13.6;
				MTL_ENABLE_DEBUG_INFO = INCLUDE_SOURCE;
				MTL_FAST_MATH = YES;
				ONLY_ACTIVE_ARCH = YES;
				SDKROOT = iphoneos;
				SWIFT_ACTIVE_COMPILATION_CONDITIONS = DEBUG;
				SWIFT_OPTIMIZATION_LEVEL = "-Onone";
			};
			name = Debug;
		};
		F69479CC24EAC02C00FA1830 /* Release */ = {
			isa = XCBuildConfiguration;
			buildSettings = {
				ALWAYS_SEARCH_USER_PATHS = NO;
				CLANG_ANALYZER_NONNULL = YES;
				CLANG_ANALYZER_NUMBER_OBJECT_CONVERSION = YES_AGGRESSIVE;
				CLANG_CXX_LANGUAGE_STANDARD = "gnu++14";
				CLANG_CXX_LIBRARY = "libc++";
				CLANG_ENABLE_MODULES = YES;
				CLANG_ENABLE_OBJC_ARC = YES;
				CLANG_ENABLE_OBJC_WEAK = YES;
				CLANG_WARN_BLOCK_CAPTURE_AUTORELEASING = YES;
				CLANG_WARN_BOOL_CONVERSION = YES;
				CLANG_WARN_COMMA = YES;
				CLANG_WARN_CONSTANT_CONVERSION = YES;
				CLANG_WARN_DEPRECATED_OBJC_IMPLEMENTATIONS = YES;
				CLANG_WARN_DIRECT_OBJC_ISA_USAGE = YES_ERROR;
				CLANG_WARN_DOCUMENTATION_COMMENTS = YES;
				CLANG_WARN_EMPTY_BODY = YES;
				CLANG_WARN_ENUM_CONVERSION = YES;
				CLANG_WARN_INFINITE_RECURSION = YES;
				CLANG_WARN_INT_CONVERSION = YES;
				CLANG_WARN_NON_LITERAL_NULL_CONVERSION = YES;
				CLANG_WARN_OBJC_IMPLICIT_RETAIN_SELF = YES;
				CLANG_WARN_OBJC_LITERAL_CONVERSION = YES;
				CLANG_WARN_OBJC_ROOT_CLASS = YES_ERROR;
				CLANG_WARN_RANGE_LOOP_ANALYSIS = YES;
				CLANG_WARN_STRICT_PROTOTYPES = YES;
				CLANG_WARN_SUSPICIOUS_MOVE = YES;
				CLANG_WARN_UNGUARDED_AVAILABILITY = YES_AGGRESSIVE;
				CLANG_WARN_UNREACHABLE_CODE = YES;
				CLANG_WARN__DUPLICATE_METHOD_MATCH = YES;
				COPY_PHASE_STRIP = NO;
				DEBUG_INFORMATION_FORMAT = "dwarf-with-dsym";
				ENABLE_NS_ASSERTIONS = NO;
				ENABLE_STRICT_OBJC_MSGSEND = YES;
				GCC_C_LANGUAGE_STANDARD = gnu11;
				GCC_NO_COMMON_BLOCKS = YES;
				GCC_WARN_64_TO_32_BIT_CONVERSION = YES;
				GCC_WARN_ABOUT_RETURN_TYPE = YES_ERROR;
				GCC_WARN_UNDECLARED_SELECTOR = YES;
				GCC_WARN_UNINITIALIZED_AUTOS = YES_AGGRESSIVE;
				GCC_WARN_UNUSED_FUNCTION = YES;
				GCC_WARN_UNUSED_VARIABLE = YES;
				IPHONEOS_DEPLOYMENT_TARGET = 13.6;
				MTL_ENABLE_DEBUG_INFO = NO;
				MTL_FAST_MATH = YES;
				SDKROOT = iphoneos;
				SWIFT_COMPILATION_MODE = wholemodule;
				SWIFT_OPTIMIZATION_LEVEL = "-O";
				VALIDATE_PRODUCT = YES;
			};
			name = Release;
		};
		F69479CE24EAC02C00FA1830 /* Debug */ = {
			isa = XCBuildConfiguration;
			buildSettings = {
				ASSETCATALOG_COMPILER_APPICON_NAME = AppIcon;
				CODE_SIGN_STYLE = Automatic;
				INFOPLIST_FILE = "youtube-onedaybuild/Info.plist";
				LD_RUNPATH_SEARCH_PATHS = (
					"$(inherited)",
					"@executable_path/Frameworks",
				);
				PRODUCT_BUNDLE_IDENTIFIER = "com.donthompson.youtube-onedaybuild";
				PRODUCT_NAME = "$(TARGET_NAME)";
				SWIFT_VERSION = 5.0;
				TARGETED_DEVICE_FAMILY = "1,2";
			};
			name = Debug;
		};
		F69479CF24EAC02C00FA1830 /* Release */ = {
			isa = XCBuildConfiguration;
			buildSettings = {
				ASSETCATALOG_COMPILER_APPICON_NAME = AppIcon;
				CODE_SIGN_STYLE = Automatic;
				INFOPLIST_FILE = "youtube-onedaybuild/Info.plist";
				LD_RUNPATH_SEARCH_PATHS = (
					"$(inherited)",
					"@executable_path/Frameworks",
				);
				PRODUCT_BUNDLE_IDENTIFIER = "com.donthompson.youtube-onedaybuild";
				PRODUCT_NAME = "$(TARGET_NAME)";
				SWIFT_VERSION = 5.0;
				TARGETED_DEVICE_FAMILY = "1,2";
			};
			name = Release;
		};
/* End XCBuildConfiguration section */

/* Begin XCConfigurationList section */
		F69479B424EAC02A00FA1830 /* Build configuration list for PBXProject "youtube-onedaybuild" */ = {
			isa = XCConfigurationList;
			buildConfigurations = (
				F69479CB24EAC02C00FA1830 /* Debug */,
				F69479CC24EAC02C00FA1830 /* Release */,
			);
			defaultConfigurationIsVisible = 0;
			defaultConfigurationName = Release;
		};
		F69479CD24EAC02C00FA1830 /* Build configuration list for PBXNativeTarget "youtube-onedaybuild" */ = {
			isa = XCConfigurationList;
			buildConfigurations = (
				F69479CE24EAC02C00FA1830 /* Debug */,
				F69479CF24EAC02C00FA1830 /* Release */,
			);
			defaultConfigurationIsVisible = 0;
			defaultConfigurationName = Release;
		};
/* End XCConfigurationList section */
	};
	rootObject = F69479B124EAC02A00FA1830 /* Project object */;
}
